{
  "name": "test",
  "lockfileVersion": 3,
  "requires": true,
  "packages": {
    "": {
      "dependencies": {
        "moamen_day7": "^1.0.0"
      }
    },
    "node_modules/moamen_day7": {
      "version": "1.0.0",
      "resolved": "https://registry.npmjs.org/moamen_day7/-/moamen_day7-1.0.0.tgz",
      "integrity": "sha512-Ka6yp5iO6qPAVLKrt7pjc5dSxkBCmzHC7m0SyUyqWDWjVlhnDbyKpyOzVPqFI2jrIknJ3I+0E34YrbkpK4KvrQ==",
      "license": "ISC"
    }
  }
}
